{
  "version": 4,
  "terraform_version": "0.12.7",
  "serial": 15,
  "lineage": "a6430b5d-77da-9642-4e88-6dbe260251f1",
  "outputs": {},
  "resources": [
    {
      "mode": "managed",
      "type": "github_membership",
      "name": "new-member-1iristest",
      "provider": "provider.github",
      "instances": [
        {
          "schema_version": 0,
          "attributes": {
            "etag": "W/\"601dfd250fc1dfc091f7b099d063cf1f\"",
            "id": "TestIndustriesLLC:1iristest",
            "role": "member",
            "username": "1iristest"
          },
          "private": "eyJzY2hlbWFfdmVyc2lvbiI6IjAifQ=="
        }
      ]
    },
    {
      "mode": "managed",
      "type": "github_membership",
      "name": "new-member-ArranHL",
      "provider": "provider.github",
      "instances": [
        {
          "schema_version": 0,
          "attributes": {
            "etag": "W/\"f57ae014f9d076cb1f2f28851691ca7e\"",
            "id": "TestIndustriesLLC:ArranHL",
            "role": "member",
            "username": "ArranHL"
          },
          "private": "eyJzY2hlbWFfdmVyc2lvbiI6IjAifQ=="
        }
      ]
    },
    {
      "mode": "managed",
      "type": "github_membership",
      "name": "new-member-dogi",
      "provider": "provider.github",
      "instances": [
        {
          "schema_version": 0,
          "attributes": {
            "etag": "W/\"6f343522c1420bcfd8ac862c8bd9878e\"",
            "id": "TestIndustriesLLC:dogi",
            "role": "member",
            "username": "dogi"
          },
          "private": "eyJzY2hlbWFfdmVyc2lvbiI6IjAifQ=="
        }
      ]
    },
    {
      "mode": "managed",
      "type": "github_membership",
      "name": "new-member-irisb1701",
      "provider": "provider.github",
      "instances": [
        {
          "schema_version": 0,
          "attributes": {
            "etag": "W/\"c663edc2bec813ba95e28c586a299747\"",
            "id": "TestIndustriesLLC:irisb1701",
            "role": "admin",
            "username": "irisb1701"
          },
          "private": "eyJzY2hlbWFfdmVyc2lvbiI6IjAifQ=="
        }
      ]
    },
    {
      "mode": "managed",
      "type": "github_repository_collaborator",
      "name": "new_repo-ArranHL",
      "provider": "provider.github",
      "instances": [
        {
          "schema_version": 0,
          "attributes": {
            "id": "new_repo:ArranHL",
            "invitation_id": null,
            "permission": "push",
            "repository": "new_repo",
            "username": "ArranHL"
          },
          "private": "eyJzY2hlbWFfdmVyc2lvbiI6IjAifQ=="
        }
      ]
    },
    {
      "mode": "managed",
      "type": "github_repository_collaborator",
      "name": "new_repo-dogi",
      "provider": "provider.github",
      "instances": [
        {
          "schema_version": 0,
          "attributes": {
            "id": "new_repo:dogi",
            "invitation_id": null,
            "permission": "push",
            "repository": "new_repo",
            "username": "dogi"
          },
          "private": "eyJzY2hlbWFfdmVyc2lvbiI6IjAifQ=="
        }
      ]
    },
    {
      "mode": "managed",
      "type": "github_repository_collaborator",
      "name": "new_repo-irisb1701",
      "provider": "provider.github",
      "instances": [
        {
          "schema_version": 0,
          "attributes": {
            "id": "new_repo:irisb1701",
            "invitation_id": null,
            "permission": "admin",
            "repository": "new_repo",
            "username": "irisb1701"
          },
          "private": "eyJzY2hlbWFfdmVyc2lvbiI6IjAifQ=="
        }
      ]
    },
    {
      "mode": "managed",
      "type": "github_team",
      "name": "Teamtwo",
      "provider": "provider.github",
      "instances": [
        {
          "schema_version": 0,
          "attributes": {
            "description": "second team",
            "etag": "W/\"601f97899e8d7825a7bddb30b3d7890b\"",
            "id": "3419718",
            "ldap_dn": "",
            "name": "Teamtwo",
            "parent_team_id": null,
            "privacy": "closed",
            "slug": "teamtwo"
          },
          "private": "eyJzY2hlbWFfdmVyc2lvbiI6IjAifQ=="
        }
      ]
    },
    {
      "mode": "managed",
      "type": "github_team",
      "name": "teamfour",
      "provider": "provider.github",
      "instances": [
        {
          "schema_version": 0,
          "attributes": {
            "description": "",
            "etag": "W/\"36806b247d42f7a955d8364e1a480dc0\"",
            "id": "3433150",
            "ldap_dn": "",
            "name": "teamfour",
            "parent_team_id": null,
            "privacy": "closed",
            "slug": "teamfour"
          },
          "private": "eyJzY2hlbWFfdmVyc2lvbiI6IjAifQ=="
        }
      ]
    },
    {
      "mode": "managed",
      "type": "github_team",
      "name": "teamone",
      "provider": "provider.github",
      "instances": [
        {
          "schema_version": 0,
          "attributes": {
            "description": "A new team created with Terraform.",
            "etag": "W/\"98d642df338396030a532cb8d0729a52\"",
            "id": "3410889",
            "ldap_dn": "",
            "name": "teamone",
            "parent_team_id": null,
            "privacy": "secret",
            "slug": "teamone"
          },
          "private": "eyJzY2hlbWFfdmVyc2lvbiI6IjAifQ=="
        }
      ]
    },
    {
      "mode": "managed",
      "type": "github_team",
      "name": "teamthree",
      "provider": "provider.github",
      "instances": [
        {
          "schema_version": 0,
          "attributes": {
            "description": "",
            "etag": "W/\"5982fba8bc924424e2e3dc625857dba5\"",
            "id": "3419723",
            "ldap_dn": "",
            "name": "teamthree",
            "parent_team_id": null,
            "privacy": "closed",
            "slug": "teamthree"
          },
          "private": "eyJzY2hlbWFfdmVyc2lvbiI6IjAifQ=="
        }
      ]
    },
    {
      "mode": "managed",
      "type": "github_team_membership",
      "name": "teamfour-irisb1701",
      "provider": "provider.github",
      "instances": [
        {
          "schema_version": 0,
          "attributes": {
            "etag": "W/\"b76157236d36bc9ac7d5640f003f8b76\"",
            "id": "3433150:irisb1701",
            "role": "maintainer",
            "team_id": "3433150",
            "username": "irisb1701"
          },
          "private": "eyJzY2hlbWFfdmVyc2lvbiI6IjAifQ=="
        }
      ]
    },
    {
      "mode": "managed",
      "type": "github_team_membership",
      "name": "teamone-1iristest",
      "provider": "provider.github",
      "instances": [
        {
          "schema_version": 0,
          "attributes": {
            "etag": "W/\"de23c668b03d9f331ce746f7fcb18934\"",
            "id": "3410889:1iristest",
            "role": "member",
            "team_id": "3410889",
            "username": "1iristest"
          },
          "private": "eyJzY2hlbWFfdmVyc2lvbiI6IjAifQ=="
        }
      ]
    },
    {
      "mode": "managed",
      "type": "github_team_membership",
      "name": "teamone-ArranHL",
      "provider": "provider.github",
      "instances": [
        {
          "schema_version": 0,
          "attributes": {
            "etag": "W/\"370b84dfaadb2445117f027bf8db708e\"",
            "id": "3410889:ArranHL",
            "role": "member",
            "team_id": "3410889",
            "username": "ArranHL"
          },
          "private": "eyJzY2hlbWFfdmVyc2lvbiI6IjAifQ=="
        }
      ]
    },
    {
      "mode": "managed",
      "type": "github_team_membership",
      "name": "teamthree-irisb1701",
      "provider": "provider.github",
      "instances": [
        {
          "schema_version": 0,
          "attributes": {
            "etag": "W/\"55890702da01c35a92916f180b3159d1\"",
            "id": "3419723:irisb1701",
            "role": "maintainer",
            "team_id": "3419723",
            "username": "irisb1701"
          },
          "private": "eyJzY2hlbWFfdmVyc2lvbiI6IjAifQ=="
        }
      ]
    }
  ]
}
